{
  "name": "chopper",
  "lockfileVersion": 3,
  "requires": true,
  "packages": {
    "": {
      "dependencies": {
        "@github/copilot": "^0.0.423"
      }
    },
    "node_modules/@github/copilot": {
      "version": "0.0.423",
      "resolved": "https://registry.npmjs.org/@github/copilot/-/copilot-0.0.423.tgz",
      "integrity": "sha512-etAdhJqdKwp8JM1og2rmSGBwFVMfap4CkbCyQSKjge3LCywWgcsUXrM5WQ1FGfw6a3QyfI/uoTlP9b8mqmfj0A==",
      "license": "SEE LICENSE IN LICENSE.md",
      "bin": {
        "copilot": "npm-loader.js"
      },
      "optionalDependencies": {
        "@github/copilot-darwin-arm64": "0.0.423",
        "@github/copilot-darwin-x64": "0.0.423",
        "@github/copilot-linux-arm64": "0.0.423",
        "@github/copilot-linux-x64": "0.0.423",
        "@github/copilot-win32-arm64": "0.0.423",
        "@github/copilot-win32-x64": "0.0.423"
      }
    },
    "node_modules/@github/copilot-darwin-arm64": {
      "version": "0.0.423",
      "resolved": "https://registry.npmjs.org/@github/copilot-darwin-arm64/-/copilot-darwin-arm64-0.0.423.tgz",
      "integrity": "sha512-WcHNhDO/Law0T0njmGMmGPOh54Oynk8B/QuMkKfXA2yTh/rkLX72r++xnwF1gcswUdFleMt5v0LTLVDfb+1sCw==",
      "cpu": [
        "arm64"
      ],
      "license": "SEE LICENSE IN LICENSE.md",
      "optional": true,
      "os": [
        "darwin"
      ],
      "bin": {
        "copilot-darwin-arm64": "copilot"
      }
    },
    "node_modules/@github/copilot-darwin-x64": {
      "version": "0.0.423",
      "resolved": "https://registry.npmjs.org/@github/copilot-darwin-x64/-/copilot-darwin-x64-0.0.423.tgz",
      "integrity": "sha512-SQSs9hGei8gJ4S8lZssmnQQ4yJ6ZaE8Tou5j4XW4BUR4tYBAykS+5VbgYadsbf/aAhaGqJ/jdMO03xNH/wzw9Q==",
      "cpu": [
        "x64"
      ],
      "license": "SEE LICENSE IN LICENSE.md",
      "optional": true,
      "os": [
        "darwin"
      ],
      "bin": {
        "copilot-darwin-x64": "copilot"
      }
    },
    "node_modules/@github/copilot-linux-arm64": {
      "version": "0.0.423",
      "resolved": "https://registry.npmjs.org/@github/copilot-linux-arm64/-/copilot-linux-arm64-0.0.423.tgz",
      "integrity": "sha512-I8dHUYSrJdq/5JzyJ4jQU1CnuD+Gt8i1hBubPdLej4/UbwUX4neiGIWlDCH5GNzHFIBFxpjp5/yQLWn1xal1yw==",
      "cpu": [
        "arm64"
      ],
      "license": "SEE LICENSE IN LICENSE.md",
      "optional": true,
      "os": [
        "linux"
      ],
      "bin": {
        "copilot-linux-arm64": "copilot"
      }
    },
    "node_modules/@github/copilot-linux-x64": {
      "version": "0.0.423",
      "resolved": "https://registry.npmjs.org/@github/copilot-linux-x64/-/copilot-linux-x64-0.0.423.tgz",
      "integrity": "sha512-BW+cfsH89fbxXaeFWt0LQihipfGHezdxIn3ue1CzWnNvBZU/hFQTp9YaP5ROjTJJ4VZYKZE+9QWsRfSsD+rJ/A==",
      "cpu": [
        "x64"
      ],
      "license": "SEE LICENSE IN LICENSE.md",
      "optional": true,
      "os": [
        "linux"
      ],
      "bin": {
        "copilot-linux-x64": "copilot"
      }
    },
    "node_modules/@github/copilot-win32-arm64": {
      "version": "0.0.423",
      "resolved": "https://registry.npmjs.org/@github/copilot-win32-arm64/-/copilot-win32-arm64-0.0.423.tgz",
      "integrity": "sha512-FfZ7LcmVKcGHkeCzhynZ6Ua8CcUebgonoXPqlkZ/AiqczThoNkPu5W+bpGSen+eY9Yw4c4WY+22q33/94yLsOg==",
      "cpu": [
        "arm64"
      ],
      "license": "SEE LICENSE IN LICENSE.md",
      "optional": true,
      "os": [
        "win32"
      ],
      "bin": {
        "copilot-win32-arm64": "copilot.exe"
      }
    },
    "node_modules/@github/copilot-win32-x64": {
      "version": "0.0.423",
      "resolved": "https://registry.npmjs.org/@github/copilot-win32-x64/-/copilot-win32-x64-0.0.423.tgz",
      "integrity": "sha512-ClLfpdhxhsaFe30c42/kpt4OYwGLKRtOHEfCNXx5YA4W6LLGooJ06U8EpBY6mRK/7++q3XKuSFO5VUlpeoa94A==",
      "cpu": [
        "x64"
      ],
      "license": "SEE LICENSE IN LICENSE.md",
      "optional": true,
      "os": [
        "win32"
      ],
      "bin": {
        "copilot-win32-x64": "copilot.exe"
      }
    }
  }
}
